// !$*UTF8*$!
{
	archiveVersion = 1;
	classes = {
	};
	objectVersion = 46;
	objects = {

/* Begin PBXBuildFile section */
		E6DA7430190AD3AA00AB2F63 /* Foundation.framework in Frameworks */ = {isa = PBXBuildFile; fileRef = E6DA742F190AD3AA00AB2F63 /* Foundation.framework */; };
		E6DA7432190AD3AB00AB2F63 /* CoreGraphics.framework in Frameworks */ = {isa = PBXBuildFile; fileRef = E6DA7431190AD3AB00AB2F63 /* CoreGraphics.framework */; };
		E6DA7434190AD3AB00AB2F63 /* UIKit.framework in Frameworks */ = {isa = PBXBuildFile; fileRef = E6DA7433190AD3AB00AB2F63 /* UIKit.framework */; };
		E6DA743A190AD3AB00AB2F63 /* InfoPlist.strings in Resources */ = {isa = PBXBuildFile; fileRef = E6DA7438190AD3AB00AB2F63 /* InfoPlist.strings */; };
		E6DA743C190AD3AB00AB2F63 /* main.m in Sources */ = {isa = PBXBuildFile; fileRef = E6DA743B190AD3AB00AB2F63 /* main.m */; };
		E6DA7440190AD3AB00AB2F63 /* AppDelegate.m in Sources */ = {isa = PBXBuildFile; fileRef = E6DA743F190AD3AB00AB2F63 /* AppDelegate.m */; };
		E6DA7442190AD3AB00AB2F63 /* Images.xcassets in Resources */ = {isa = PBXBuildFile; fileRef = E6DA7441190AD3AB00AB2F63 /* Images.xcassets */; };
		E6DA7449190AD3AB00AB2F63 /* XCTest.framework in Frameworks */ = {isa = PBXBuildFile; fileRef = E6DA7448190AD3AB00AB2F63 /* XCTest.framework */; };
		E6DA744A190AD3AB00AB2F63 /* Foundation.framework in Frameworks */ = {isa = PBXBuildFile; fileRef = E6DA742F190AD3AA00AB2F63 /* Foundation.framework */; };
		E6DA744B190AD3AB00AB2F63 /* UIKit.framework in Frameworks */ = {isa = PBXBuildFile; fileRef = E6DA7433190AD3AB00AB2F63 /* UIKit.framework */; };
		E6DA7453190AD3AB00AB2F63 /* InfoPlist.strings in Resources */ = {isa = PBXBuildFile; fileRef = E6DA7451190AD3AB00AB2F63 /* InfoPlist.strings */; };
		E6DA7455190AD3AB00AB2F63 /* MessageAppTests.m in Sources */ = {isa = PBXBuildFile; fileRef = E6DA7454190AD3AB00AB2F63 /* MessageAppTests.m */; };
/* End PBXBuildFile section */

/* Begin PBXContainerItemProxy section */
		E6DA744C190AD3AB00AB2F63 /* PBXContainerItemProxy */ = {
			isa = PBXContainerItemProxy;
			containerPortal = E6DA7424190AD3AA00AB2F63 /* Project object */;
			proxyType = 1;
			remoteGlobalIDString = E6DA742B190AD3AA00AB2F63;
			remoteInfo = MessageApp;
		};
/* End PBXContainerItemProxy section */

/* Begin PBXFileReference section */
		E6DA742C190AD3AA00AB2F63 /* MessageApp.app */ = {isa = PBXFileReference; explicitFileType = wrapper.application; includeInIndex = 0; path = MessageApp.app; sourceTree = BUILT_PRODUCTS_DIR; };
		E6DA742F190AD3AA00AB2F63 /* Foundation.framework */ = {isa = PBXFileReference; lastKnownFileType = wrapper.framework; name = Foundation.framework; path = System/Library/Frameworks/Foundation.framework; sourceTree = SDKROOT; };
		E6DA7431190AD3AB00AB2F63 /* CoreGraphics.framework */ = {isa = PBXFileReference; lastKnownFileType = wrapper.framework; name = CoreGraphics.framework; path = System/Library/Frameworks/CoreGraphics.framework; sourceTree = SDKROOT; };
		E6DA7433190AD3AB00AB2F63 /* UIKit.framework */ = {isa = PBXFileReference; lastKnownFileType = wrapper.framework; name = UIKit.framework; path = System/Library/Frameworks/UIKit.framework; sourceTree = SDKROOT; };
		E6DA7437190AD3AB00AB2F63 /* MessageApp-Info.plist */ = {isa = PBXFileReference; lastKnownFileType = text.plist.xml; path = "MessageApp-Info.plist"; sourceTree = "<group>"; };
		E6DA7439190AD3AB00AB2F63 /* en */ = {isa = PBXFileReference; lastKnownFileType = text.plist.strings; name = en; path = en.lproj/InfoPlist.strings; sourceTree = "<group>"; };
		E6DA743B190AD3AB00AB2F63 /* main.m */ = {isa = PBXFileReference; lastKnownFileType = sourcecode.c.objc; path = main.m; sourceTree = "<group>"; };
		E6DA743D190AD3AB00AB2F63 /* MessageApp-Prefix.pch */ = {isa = PBXFileReference; lastKnownFileType = sourcecode.c.h; path = "MessageApp-Prefix.pch"; sourceTree = "<group>"; };
		E6DA743E190AD3AB00AB2F63 /* AppDelegate.h */ = {isa = PBXFileReference; lastKnownFileType = sourcecode.c.h; path = AppDelegate.h; sourceTree = "<group>"; };
		E6DA743F190AD3AB00AB2F63 /* AppDelegate.m */ = {isa = PBXFileReference; lastKnownFileType = sourcecode.c.objc; path = AppDelegate.m; sourceTree = "<group>"; };
		E6DA7441190AD3AB00AB2F63 /* Images.xcassets */ = {isa = PBXFileReference; lastKnownFileType = folder.assetcatalog; path = Images.xcassets; sourceTree = "<group>"; };
		E6DA7447190AD3AB00AB2F63 /* MessageAppTests.xctest */ = {isa = PBXFileReference; explicitFileType = wrapper.cfbundle; includeInIndex = 0; path = MessageAppTests.xctest; sourceTree = BUILT_PRODUCTS_DIR; };
		E6DA7448190AD3AB00AB2F63 /* XCTest.framework */ = {isa = PBXFileReference; lastKnownFileType = wrapper.framework; name = XCTest.framework; path = Library/Frameworks/XCTest.framework; sourceTree = DEVELOPER_DIR; };
		E6DA7450190AD3AB00AB2F63 /* MessageAppTests-Info.plist */ = {isa = PBXFileReference; lastKnownFileType = text.plist.xml; path = "MessageAppTests-Info.plist"; sourceTree = "<group>"; };
		E6DA7452190AD3AB00AB2F63 /* en */ = {isa = PBXFileReference; lastKnownFileType = text.plist.strings; name = en; path = en.lproj/InfoPlist.strings; sourceTree = "<group>"; };
		E6DA7454190AD3AB00AB2F63 /* MessageAppTests.m */ = {isa = PBXFileReference; lastKnownFileType = sourcecode.c.objc; path = MessageAppTests.m; sourceTree = "<group>"; };
/* End PBXFileReference section */

/* Begin PBXFrameworksBuildPhase section */
		E6DA7429190AD3AA00AB2F63 /* Frameworks */ = {
			isa = PBXFrameworksBuildPhase;
			buildActionMask = 2147483647;
			files = (
				E6DA7432190AD3AB00AB2F63 /* CoreGraphics.framework in Frameworks */,
				E6DA7434190AD3AB00AB2F63 /* UIKit.framework in Frameworks */,
				E6DA7430190AD3AA00AB2F63 /* Foundation.framework in Frameworks */,
			);
			runOnlyForDeploymentPostprocessing = 0;
		};
		E6DA7444190AD3AB00AB2F63 /* Frameworks */ = {
			isa = PBXFrameworksBuildPhase;
			buildActionMask = 2147483647;
			files = (
				E6DA7449190AD3AB00AB2F63 /* XCTest.framework in Frameworks */,
				E6DA744B190AD3AB00AB2F63 /* UIKit.framework in Frameworks */,
				E6DA744A190AD3AB00AB2F63 /* Foundation.framework in Frameworks */,
			);
			runOnlyForDeploymentPostprocessing = 0;
		};
/* End PBXFrameworksBuildPhase section */

/* Begin PBXGroup section */
		E6DA7423190AD3AA00AB2F63 = {
			isa = PBXGroup;
			children = (
				E6DA7435190AD3AB00AB2F63 /* MessageApp */,
				E6DA744E190AD3AB00AB2F63 /* MessageAppTests */,
				E6DA742E190AD3AA00AB2F63 /* Frameworks */,
				E6DA742D190AD3AA00AB2F63 /* Products */,
			);
			sourceTree = "<group>";
		};
		E6DA742D190AD3AA00AB2F63 /* Products */ = {
			isa = PBXGroup;
			children = (
				E6DA742C190AD3AA00AB2F63 /* MessageApp.app */,
				E6DA7447190AD3AB00AB2F63 /* MessageAppTests.xctest */,
			);
			name = Products;
			sourceTree = "<group>";
		};
		E6DA742E190AD3AA00AB2F63 /* Frameworks */ = {
			isa = PBXGroup;
			children = (
				E6DA742F190AD3AA00AB2F63 /* Foundation.framework */,
				E6DA7431190AD3AB00AB2F63 /* CoreGraphics.framework */,
				E6DA7433190AD3AB00AB2F63 /* UIKit.framework */,
				E6DA7448190AD3AB00AB2F63 /* XCTest.framework */,
			);
			name = Frameworks;
			sourceTree = "<group>";
		};
		E6DA7435190AD3AB00AB2F63 /* MessageApp */ = {
			isa = PBXGroup;
			children = (
				E6DA743E190AD3AB00AB2F63 /* AppDelegate.h */,
				E6DA743F190AD3AB00AB2F63 /* AppDelegate.m */,
				E6DA7441190AD3AB00AB2F63 /* Images.xcassets */,
				E6DA7436190AD3AB00AB2F63 /* Supporting Files */,
			);
			path = MessageApp;
			sourceTree = "<group>";
		};
		E6DA7436190AD3AB00AB2F63 /* Supporting Files */ = {
			isa = PBXGroup;
			children = (
				E6DA7437190AD3AB00AB2F63 /* MessageApp-Info.plist */,
				E6DA7438190AD3AB00AB2F63 /* InfoPlist.strings */,
				E6DA743B190AD3AB00AB2F63 /* main.m */,
				E6DA743D190AD3AB00AB2F63 /* MessageApp-Prefix.pch */,
			);
			name = "Supporting Files";
			sourceTree = "<group>";
		};
		E6DA744E190AD3AB00AB2F63 /* MessageAppTests */ = {
			isa = PBXGroup;
			children = (
				E6DA7454190AD3AB00AB2F63 /* MessageAppTests.m */,
				E6DA744F190AD3AB00AB2F63 /* Supporting Files */,
			);
			path = MessageAppTests;
			sourceTree = "<group>";
		};
		E6DA744F190AD3AB00AB2F63 /* Supporting Files */ = {
			isa = PBXGroup;
			children = (
				E6DA7450190AD3AB00AB2F63 /* MessageAppTests-Info.plist */,
				E6DA7451190AD3AB00AB2F63 /* InfoPlist.strings */,
			);
			name = "Supporting Files";
			sourceTree = "<group>";
		};
/* End PBXGroup section */

/* Begin PBXNativeTarget section */
		E6DA742B190AD3AA00AB2F63 /* MessageApp */ = {
			isa = PBXNativeTarget;
			buildConfigurationList = E6DA7458190AD3AB00AB2F63 /* Build configuration list for PBXNativeTarget "MessageApp" */;
			buildPhases = (
				E6DA7428190AD3AA00AB2F63 /* Sources */,
				E6DA7429190AD3AA00AB2F63 /* Frameworks */,
				E6DA742A190AD3AA00AB2F63 /* Resources */,
			);
			buildRules = (
			);
			dependencies = (
			);
			name = MessageApp;
			productName = MessageApp;
			productReference = E6DA742C190AD3AA00AB2F63 /* MessageApp.app */;
			productType = "com.apple.product-type.application";
		};
		E6DA7446190AD3AB00AB2F63 /* MessageAppTests */ = {
			isa = PBXNativeTarget;
			buildConfigurationList = E6DA745B190AD3AB00AB2F63 /* Build configuration list for PBXNativeTarget "MessageAppTests" */;
			buildPhases = (
				E6DA7443190AD3AB00AB2F63 /* Sources */,
				E6DA7444190AD3AB00AB2F63 /* Frameworks */,
				E6DA7445190AD3AB00AB2F63 /* Resources */,
			);
			buildRules = (
			);
			dependencies = (
				E6DA744D190AD3AB00AB2F63 /* PBXTargetDependency */,
			);
			name = MessageAppTests;
			productName = MessageAppTests;
			productReference = E6DA7447190AD3AB00AB2F63 /* MessageAppTests.xctest */;
			productType = "com.apple.product-type.bundle.unit-test";
		};
/* End PBXNativeTarget section */

/* Begin PBXProject section */
		E6DA7424190AD3AA00AB2F63 /* Project object */ = {
			isa = PBXProject;
			attributes = {
				LastUpgradeCheck = 0510;
				ORGANIZATIONNAME = "Jiance Tong";
				TargetAttributes = {
					E6DA7446190AD3AB00AB2F63 = {
						TestTargetID = E6DA742B190AD3AA00AB2F63;
					};
				};
			};
			buildConfigurationList = E6DA7427190AD3AA00AB2F63 /* Build configuration list for PBXProject "MessageApp" */;
			compatibilityVersion = "Xcode 3.2";
			developmentRegion = English;
			hasScannedForEncodings = 0;
			knownRegions = (
				en,
			);
			mainGroup = E6DA7423190AD3AA00AB2F63;
			productRefGroup = E6DA742D190AD3AA00AB2F63 /* Products */;
			projectDirPath = "";
			projectRoot = "";
			targets = (
				E6DA742B190AD3AA00AB2F63 /* MessageApp */,
				E6DA7446190AD3AB00AB2F63 /* MessageAppTests */,
			);
		};
/* End PBXProject section */

/* Begin PBXResourcesBuildPhase section */
		E6DA742A190AD3AA00AB2F63 /* Resources */ = {
			isa = PBXResourcesBuildPhase;
			buildActionMask = 2147483647;
			files = (
				E6DA743A190AD3AB00AB2F63 /* InfoPlist.strings in Resources */,
				E6DA7442190AD3AB00AB2F63 /* Images.xcassets in Resources */,
			);
			runOnlyForDeploymentPostprocessing = 0;
		};
		E6DA7445190AD3AB00AB2F63 /* Resources */ = {
			isa = PBXResourcesBuildPhase;
			buildActionMask = 2147483647;
			files = (
				E6DA7453190AD3AB00AB2F63 /* InfoPlist.strings in Resources */,
			);
			runOnlyForDeploymentPostprocessing = 0;
		};
/* End PBXResourcesBuildPhase section */

/* Begin PBXSourcesBuildPhase section */
		E6DA7428190AD3AA00AB2F63 /* Sources */ = {
			isa = PBXSourcesBuildPhase;
			buildActionMask = 2147483647;
			files = (
				E6DA7440190AD3AB00AB2F63 /* AppDelegate.m in Sources */,
				E6DA743C190AD3AB00AB2F63 /* main.m in Sources */,
			);
			runOnlyForDeploymentPostprocessing = 0;
		};
		E6DA7443190AD3AB00AB2F63 /* Sources */ = {
			isa = PBXSourcesBuildPhase;
			buildActionMask = 2147483647;
			files = (
				E6DA7455190AD3AB00AB2F63 /* MessageAppTests.m in Sources */,
			);
			runOnlyForDeploymentPostprocessing = 0;
		};
/* End PBXSourcesBuildPhase section */

/* Begin PBXTargetDependency section */
		E6DA744D190AD3AB00AB2F63 /* PBXTargetDependency */ = {
			isa = PBXTargetDependency;
			target = E6DA742B190AD3AA00AB2F63 /* MessageApp */;
			targetProxy = E6DA744C190AD3AB00AB2F63 /* PBXContainerItemProxy */;
		};
/* End PBXTargetDependency section */

/* Begin PBXVariantGroup section */
		E6DA7438190AD3AB00AB2F63 /* InfoPlist.strings */ = {
			isa = PBXVariantGroup;
			children = (
				E6DA7439190AD3AB00AB2F63 /* en */,
			);
			name = InfoPlist.strings;
			sourceTree = "<group>";
		};
		E6DA7451190AD3AB00AB2F63 /* InfoPlist.strings */ = {
			isa = PBXVariantGroup;
			children = (
				E6DA7452190AD3AB00AB2F63 /* en */,
			);
			name = InfoPlist.strings;
			sourceTree = "<group>";
		};
/* End PBXVariantGroup section */

/* Begin XCBuildConfiguration section */
		E6DA7456190AD3AB00AB2F63 /* Debug */ = {
			isa = XCBuildConfiguration;
			buildSettings = {
				ALWAYS_SEARCH_USER_PATHS = NO;
				CLANG_CXX_LANGUAGE_STANDARD = "gnu++0x";
				CLANG_CXX_LIBRARY = "libc++";
				CLANG_ENABLE_MODULES = YES;
				CLANG_ENABLE_OBJC_ARC = YES;
				CLANG_WARN_BOOL_CONVERSION = YES;
				CLANG_WARN_CONSTANT_CONVERSION = YES;
				CLANG_WARN_DIRECT_OBJC_ISA_USAGE = YES_ERROR;
				CLANG_WARN_EMPTY_BODY = YES;
				CLANG_WARN_ENUM_CONVERSION = YES;
				CLANG_WARN_INT_CONVERSION = YES;
				CLANG_WARN_OBJC_ROOT_CLASS = YES_ERROR;
				CLANG_WARN__DUPLICATE_METHOD_MATCH = YES;
				"CODE_SIGN_IDENTITY[sdk=iphoneos*]" = "iPhone Developer";
				COPY_PHASE_STRIP = NO;
				GCC_C_LANGUAGE_STANDARD = gnu99;
				GCC_DYNAMIC_NO_PIC = NO;
				GCC_OPTIMIZATION_LEVEL = 0;
				GCC_PREPROCESSOR_DEFINITIONS = (
					"DEBUG=1",
					"$(inherited)",
				);
				GCC_SYMBOLS_PRIVATE_EXTERN = NO;
				GCC_WARN_64_TO_32_BIT_CONVERSION = YES;
				GCC_WARN_ABOUT_RETURN_TYPE = YES_ERROR;
				GCC_WARN_UNDECLARED_SELECTOR = YES;
				GCC_WARN_UNINITIALIZED_AUTOS = YES_AGGRESSIVE;
				GCC_WARN_UNUSED_FUNCTION = YES;
				GCC_WARN_UNUSED_VARIABLE = YES;
				IPHONEOS_DEPLOYMENT_TARGET = 7.1;
				ONLY_ACTIVE_ARCH = YES;
				SDKROOT = iphoneos;
			};
			name = Debug;
		};
		E6DA7457190AD3AB00AB2F63 /* Release */ = {
			isa = XCBuildConfiguration;
			buildSettings = {
				ALWAYS_SEARCH_USER_PATHS = NO;
				CLANG_CXX_LANGUAGE_STANDARD = "gnu++0x";
				CLANG_CXX_LIBRARY = "libc++";
				CLANG_ENABLE_MODULES = YES;
				CLANG_ENABLE_OBJC_ARC = YES;
				CLANG_WARN_BOOL_CONVERSION = YES;
				CLANG_WARN_CONSTANT_CONVERSION = YES;
				CLANG_WARN_DIRECT_OBJC_ISA_USAGE = YES_ERROR;
				CLANG_WARN_EMPTY_BODY = YES;
				CLANG_WARN_ENUM_CONVERSION = YES;
				CLANG_WARN_INT_CONVERSION = YES;
				CLANG_WARN_OBJC_ROOT_CLASS = YES_ERROR;
				CLANG_WARN__DUPLICATE_METHOD_MATCH = YES;
				"CODE_SIGN_IDENTITY[sdk=iphoneos*]" = "iPhone Developer";
				COPY_PHASE_STRIP = YES;
				ENABLE_NS_ASSERTIONS = NO;
				GCC_C_LANGUAGE_STANDARD = gnu99;
				GCC_WARN_64_TO_32_BIT_CONVERSION = YES;
				GCC_WARN_ABOUT_RETURN_TYPE = YES_ERROR;
				GCC_WARN_UNDECLARED_SELECTOR = YES;
				GCC_WARN_UNINITIALIZED_AUTOS = YES_AGGRESSIVE;
				GCC_WARN_UNUSED_FUNCTION = YES;
				GCC_WARN_UNUSED_VARIABLE = YES;
				IPHONEOS_DEPLOYMENT_TARGET = 7.1;
				SDKROOT = iphoneos;
				VALIDATE_PRODUCT = YES;
			};
			name = Release;
		};
		E6DA7459190AD3AB00AB2F63 /* Debug */ = {
			isa = XCBuildConfiguration;
			buildSettings = {
				ASSETCATALOG_COMPILER_APPICON_NAME = AppIcon;
				ASSETCATALOG_COMPILER_LAUNCHIMAGE_NAME = LaunchImage;
				GCC_PRECOMPILE_PREFIX_HEADER = YES;
				GCC_PREFIX_HEADER = "MessageApp/MessageApp-Prefix.pch";
				INFOPLIST_FILE = "MessageApp/MessageApp-Info.plist";
				PRODUCT_NAME = "$(TARGET_NAME)";
				WRAPPER_EXTENSION = app;
			};
			name = Debug;
		};
		E6DA745A190AD3AB00AB2F63 /* Release */ = {
			isa = XCBuildConfiguration;
			buildSettings = {
				ASSETCATALOG_COMPILER_APPICON_NAME = AppIcon;
				ASSETCATALOG_COMPILER_LAUNCHIMAGE_NAME = LaunchImage;
				GCC_PRECOMPILE_PREFIX_HEADER = YES;
				GCC_PREFIX_HEADER = "MessageApp/MessageApp-Prefix.pch";
				INFOPLIST_FILE = "MessageApp/MessageApp-Info.plist";
				PRODUCT_NAME = "$(TARGET_NAME)";
				WRAPPER_EXTENSION = app;
			};
			name = Release;
		};
		E6DA745C190AD3AB00AB2F63 /* Debug */ = {
			isa = XCBuildConfiguration;
			buildSettings = {
				BUNDLE_LOADER = "$(BUILT_PRODUCTS_DIR)/MessageApp.app/MessageApp";
				FRAMEWORK_SEARCH_PATHS = (
					"$(SDKROOT)/Developer/Library/Frameworks",
					"$(inherited)",
					"$(DEVELOPER_FRAMEWORKS_DIR)",
				);
				GCC_PRECOMPILE_PREFIX_HEADER = YES;
				GCC_PREFIX_HEADER = "MessageApp/MessageApp-Prefix.pch";
				GCC_PREPROCESSOR_DEFINITIONS = (
					"DEBUG=1",
					"$(inherited)",
				);
				INFOPLIST_FILE = "MessageAppTests/MessageAppTests-Info.plist";
				PRODUCT_NAME = "$(TARGET_NAME)";
				TEST_HOST = "$(BUNDLE_LOADER)";
				WRAPPER_EXTENSION = xctest;
			};
			name = Debug;
		};
		E6DA745D190AD3AB00AB2F63 /* Release */ = {
			isa = XCBuildConfiguration;
			buildSettings = {
				BUNDLE_LOADER = "$(BUILT_PRODUCTS_DIR)/MessageApp.app/MessageApp";
				FRAMEWORK_SEARCH_PATHS = (
					"$(SDKROOT)/Developer/Library/Frameworks",
					"$(inherited)",
					"$(DEVELOPER_FRAMEWORKS_DIR)",
				);
				GCC_PRECOMPILE_PREFIX_HEADER = YES;
				GCC_PREFIX_HEADER = "MessageApp/MessageApp-Prefix.pch";
				INFOPLIST_FILE = "MessageAppTests/MessageAppTests-Info.plist";
				PRODUCT_NAME = "$(TARGET_NAME)";
				TEST_HOST = "$(BUNDLE_LOADER)";
				WRAPPER_EXTENSION = xctest;
			};
			name = Release;
		};
/* End XCBuildConfiguration section */

/* Begin XCConfigurationList section */
		E6DA7427190AD3AA00AB2F63 /* Build configuration list for PBXProject "MessageApp" */ = {
			isa = XCConfigurationList;
			buildConfigurations = (
				E6DA7456190AD3AB00AB2F63 /* Debug */,
				E6DA7457190AD3AB00AB2F63 /* Release */,
			);
			defaultConfigurationIsVisible = 0;
			defaultConfigurationName = Release;
		};
		E6DA7458190AD3AB00AB2F63 /* Build configuration list for PBXNativeTarget "MessageApp" */ = {
			isa = XCConfigurationList;
			buildConfigurations = (
				E6DA7459190AD3AB00AB2F63 /* Debug */,
				E6DA745A190AD3AB00AB2F63 /* Release */,
			);
			defaultConfigurationIsVisible = 0;
		};
		E6DA745B190AD3AB00AB2F63 /* Build configuration list for PBXNativeTarget "MessageAppTests" */ = {
			isa = XCConfigurationList;
			buildConfigurations = (
				E6DA745C190AD3AB00AB2F63 /* Debug */,
				E6DA745D190AD3AB00AB2F63 /* Release */,
			);
			defaultConfigurationIsVisible = 0;
		};
/* End XCConfigurationList section */
	};
	rootObject = E6DA7424190AD3AA00AB2F63 /* Project object */;
}
